
Microsoft Visual Studio Solution File, Format Version 12.00
Project("{2150E333-8FDC-42A3-9474-1A3956D46DE8}") = "Services", "Services", "{2D0FBD96-AD58-654E-9AE8-A008862A357D}"
EndProject
Project("{2150E333-8FDC-42A3-9474-1A3956D46DE8}") = "AuthService", "AuthService", "{A1B2C3D4-E5F6-7890-ABCD-EF1234567890}"
EndProject
Project("{FAE04EC0-301F-11D3-BF4B-00C04F79EFBC}") = "AuthService.Api", "Services\AuthService\AuthService.Api\AuthService.Api.csproj", "{B6043F16-B25A-4823-B73D-262C8FC998BA}"
EndProject
Project("{FAE04EC0-301F-11D3-BF4B-00C04F79EFBC}") = "AuthService.Core", "Services\AuthService\AuthService.Core\AuthService.Core.csproj", "{DC0B4DB1-2F95-431F-AB4A-D4935E0403A1}"
EndProject
Project("{FAE04EC0-301F-11D3-BF4B-00C04F79EFBC}") = "AuthService.Application", "Services\AuthService\AuthService.Application\AuthService.Application.csproj", "{504A6F40-AA02-4C20-BAD7-7ECD7D9DB1B7}"
EndProject
Project("{FAE04EC0-301F-11D3-BF4B-00C04F79EFBC}") = "AuthService.Infrastructure", "Services\AuthService\AuthService.Infrastructure\AuthService.Infrastructure.csproj", "{9860B128-DD56-483D-B3BD-DF04096E3C8C}"
EndProject
Project("{2150E333-8FDC-42A3-9474-1A3956D46DE8}") = "PvpAnalytics", "PvpAnalytics", "{B2C3D4E5-F6A7-8901-BCDE-F12345678901}"
EndProject
Project("{FAE04EC0-301F-11D3-BF4B-00C04F79EFBC}") = "PvpAnalytics.Api", "Services\PvpAnalytics\PvpAnalytics.Api\PvpAnalytics.Api.csproj", "{B2FD31C1-108B-424A-8BF3-4CE02A77D59E}"
EndProject
Project("{FAE04EC0-301F-11D3-BF4B-00C04F79EFBC}") = "PvpAnalytics.Application", "Services\PvpAnalytics\PvpAnalytics.Application\PvpAnalytics.Application.csproj", "{2E288AF7-755D-4F2F-B1EE-7C4CCB9719A3}"
EndProject
Project("{FAE04EC0-301F-11D3-BF4B-00C04F79EFBC}") = "PvpAnalytics.Core", "Services\PvpAnalytics\PvpAnalytics.Core\PvpAnalytics.Core.csproj", "{F3B09FA9-AD2D-4AF2-8FBF-75E1EFF817F3}"
EndProject
Project("{FAE04EC0-301F-11D3-BF4B-00C04F79EFBC}") = "PvpAnalytics.Infrastructure", "Services\PvpAnalytics\PvpAnalytics.Infrastructure\PvpAnalytics.Infrastructure.csproj", "{FEBCB608-943A-4A95-9879-ED87F9A73EE2}"
EndProject
Project("{2150E333-8FDC-42A3-9474-1A3956D46DE8}") = "Shared", "Shared", "{C3D4E5F6-A7B8-9012-CDEF-123456789012}"
EndProject
Project("{FAE04EC0-301F-11D3-BF4B-00C04F79EFBC}") = "PvpAnalytics.Shared", "Shared\PvpAnalytics.Shared\PvpAnalytics.Shared.csproj", "{E8AF861B-F880-44D7-834B-38061E51073D}"
EndProject
Project("{2150E333-8FDC-42A3-9474-1A3956D46DE8}") = "Workers", "Workers", "{D4E5F6A7-B8C9-0123-DEF0-234567890123}"
EndProject
Project("{FAE04EC0-301F-11D3-BF4B-00C04F79EFBC}") = "PvpAnalytics.Worker", "Workers\PvpAnalytics.Worker\PvpAnalytics.Worker.csproj", "{784CEF2B-7D59-4437-B059-76E3D1499786}"
EndProject
Project("{2150E333-8FDC-42A3-9474-1A3956D46DE8}") = "Tests", "Tests", "{E5F6A7B8-C9D0-1234-EF01-345678901234}"
EndProject
Project("{FAE04EC0-301F-11D3-BF4B-00C04F79EFBC}") = "PvpAnalytics.Tests", "Tests\PvpAnalytics.Tests\PvpAnalytics.Tests.csproj", "{C104CB29-3A50-4E65-B6A0-99A48B288A66}"
EndProject
Project("{2150E333-8FDC-42A3-9474-1A3956D46DE8}") = "PaymentService", "PaymentService", "{7D0E44DC-FF7D-DF70-A90C-A7087280319E}"
EndProject
Project("{FAE04EC0-301F-11D3-BF4B-00C04F79EFBC}") = "PaymentService.Api", "Services\PaymentService\PaymentService.Api\PaymentService.Api.csproj", "{247661EF-4FCF-46E5-B6B6-65A7B87978A6}"
EndProject
Project("{FAE04EC0-301F-11D3-BF4B-00C04F79EFBC}") = "PaymentService.Application", "Services\PaymentService\PaymentService.Application\PaymentService.Application.csproj", "{CDF9FB6C-A8A8-4197-9F0C-C3DE6FF41474}"
EndProject
Project("{FAE04EC0-301F-11D3-BF4B-00C04F79EFBC}") = "PaymentService.Core", "Services\PaymentService\PaymentService.Core\PaymentService.Core.csproj", "{79A6ACA4-2840-4A16-AD03-6F00C7F3EBC5}"
EndProject
Project("{FAE04EC0-301F-11D3-BF4B-00C04F79EFBC}") = "PaymentService.Infrastructure", "Services\PaymentService\PaymentService.Infrastructure\PaymentService.Infrastructure.csproj", "{370FE2F8-E777-47D7-A867-47AEA2C051B3}"
EndProject
Global
	GlobalSection(SolutionConfigurationPlatforms) = preSolution
		Debug|Any CPU = Debug|Any CPU
		Debug|x64 = Debug|x64
		Debug|x86 = Debug|x86
		Release|Any CPU = Release|Any CPU
		Release|x64 = Release|x64
		Release|x86 = Release|x86
	EndGlobalSection
	GlobalSection(ProjectConfigurationPlatforms) = postSolution
		{B6043F16-B25A-4823-B73D-262C8FC998BA}.Debug|Any CPU.ActiveCfg = Debug|Any CPU
		{B6043F16-B25A-4823-B73D-262C8FC998BA}.Debug|Any CPU.Build.0 = Debug|Any CPU
		{B6043F16-B25A-4823-B73D-262C8FC998BA}.Debug|x64.ActiveCfg = Debug|Any CPU
		{B6043F16-B25A-4823-B73D-262C8FC998BA}.Debug|x64.Build.0 = Debug|Any CPU
		{B6043F16-B25A-4823-B73D-262C8FC998BA}.Debug|x86.ActiveCfg = Debug|Any CPU
		{B6043F16-B25A-4823-B73D-262C8FC998BA}.Debug|x86.Build.0 = Debug|Any CPU
		{B6043F16-B25A-4823-B73D-262C8FC998BA}.Release|Any CPU.ActiveCfg = Release|Any CPU
		{B6043F16-B25A-4823-B73D-262C8FC998BA}.Release|Any CPU.Build.0 = Release|Any CPU
		{B6043F16-B25A-4823-B73D-262C8FC998BA}.Release|x64.ActiveCfg = Release|Any CPU
		{B6043F16-B25A-4823-B73D-262C8FC998BA}.Release|x64.Build.0 = Release|Any CPU
		{B6043F16-B25A-4823-B73D-262C8FC998BA}.Release|x86.ActiveCfg = Release|Any CPU
		{B6043F16-B25A-4823-B73D-262C8FC998BA}.Release|x86.Build.0 = Release|Any CPU
		{DC0B4DB1-2F95-431F-AB4A-D4935E0403A1}.Debug|Any CPU.ActiveCfg = Debug|Any CPU
		{DC0B4DB1-2F95-431F-AB4A-D4935E0403A1}.Debug|Any CPU.Build.0 = Debug|Any CPU
		{DC0B4DB1-2F95-431F-AB4A-D4935E0403A1}.Debug|x64.ActiveCfg = Debug|Any CPU
		{DC0B4DB1-2F95-431F-AB4A-D4935E0403A1}.Debug|x64.Build.0 = Debug|Any CPU
		{DC0B4DB1-2F95-431F-AB4A-D4935E0403A1}.Debug|x86.ActiveCfg = Debug|Any CPU
		{DC0B4DB1-2F95-431F-AB4A-D4935E0403A1}.Debug|x86.Build.0 = Debug|Any CPU
		{DC0B4DB1-2F95-431F-AB4A-D4935E0403A1}.Release|Any CPU.ActiveCfg = Release|Any CPU
		{DC0B4DB1-2F95-431F-AB4A-D4935E0403A1}.Release|Any CPU.Build.0 = Release|Any CPU
		{DC0B4DB1-2F95-431F-AB4A-D4935E0403A1}.Release|x64.ActiveCfg = Release|Any CPU
		{DC0B4DB1-2F95-431F-AB4A-D4935E0403A1}.Release|x64.Build.0 = Release|Any CPU
		{DC0B4DB1-2F95-431F-AB4A-D4935E0403A1}.Release|x86.ActiveCfg = Release|Any CPU
		{DC0B4DB1-2F95-431F-AB4A-D4935E0403A1}.Release|x86.Build.0 = Release|Any CPU
		{504A6F40-AA02-4C20-BAD7-7ECD7D9DB1B7}.Debug|Any CPU.ActiveCfg = Debug|Any CPU
		{504A6F40-AA02-4C20-BAD7-7ECD7D9DB1B7}.Debug|Any CPU.Build.0 = Debug|Any CPU
		{504A6F40-AA02-4C20-BAD7-7ECD7D9DB1B7}.Debug|x64.ActiveCfg = Debug|Any CPU
		{504A6F40-AA02-4C20-BAD7-7ECD7D9DB1B7}.Debug|x64.Build.0 = Debug|Any CPU
		{504A6F40-AA02-4C20-BAD7-7ECD7D9DB1B7}.Debug|x86.ActiveCfg = Debug|Any CPU
		{504A6F40-AA02-4C20-BAD7-7ECD7D9DB1B7}.Debug|x86.Build.0 = Debug|Any CPU
		{504A6F40-AA02-4C20-BAD7-7ECD7D9DB1B7}.Release|Any CPU.ActiveCfg = Release|Any CPU
		{504A6F40-AA02-4C20-BAD7-7ECD7D9DB1B7}.Release|Any CPU.Build.0 = Release|Any CPU
		{504A6F40-AA02-4C20-BAD7-7ECD7D9DB1B7}.Release|x64.ActiveCfg = Release|Any CPU
		{504A6F40-AA02-4C20-BAD7-7ECD7D9DB1B7}.Release|x64.Build.0 = Release|Any CPU
		{504A6F40-AA02-4C20-BAD7-7ECD7D9DB1B7}.Release|x86.ActiveCfg = Release|Any CPU
		{504A6F40-AA02-4C20-BAD7-7ECD7D9DB1B7}.Release|x86.Build.0 = Release|Any CPU
		{9860B128-DD56-483D-B3BD-DF04096E3C8C}.Debug|Any CPU.ActiveCfg = Debug|Any CPU
		{9860B128-DD56-483D-B3BD-DF04096E3C8C}.Debug|Any CPU.Build.0 = Debug|Any CPU
		{9860B128-DD56-483D-B3BD-DF04096E3C8C}.Debug|x64.ActiveCfg = Debug|Any CPU
		{9860B128-DD56-483D-B3BD-DF04096E3C8C}.Debug|x64.Build.0 = Debug|Any CPU
		{9860B128-DD56-483D-B3BD-DF04096E3C8C}.Debug|x86.ActiveCfg = Debug|Any CPU
		{9860B128-DD56-483D-B3BD-DF04096E3C8C}.Debug|x86.Build.0 = Debug|Any CPU
		{9860B128-DD56-483D-B3BD-DF04096E3C8C}.Release|Any CPU.ActiveCfg = Release|Any CPU
		{9860B128-DD56-483D-B3BD-DF04096E3C8C}.Release|Any CPU.Build.0 = Release|Any CPU
		{9860B128-DD56-483D-B3BD-DF04096E3C8C}.Release|x64.ActiveCfg = Release|Any CPU
		{9860B128-DD56-483D-B3BD-DF04096E3C8C}.Release|x64.Build.0 = Release|Any CPU
		{9860B128-DD56-483D-B3BD-DF04096E3C8C}.Release|x86.ActiveCfg = Release|Any CPU
		{9860B128-DD56-483D-B3BD-DF04096E3C8C}.Release|x86.Build.0 = Release|Any CPU
		{B2FD31C1-108B-424A-8BF3-4CE02A77D59E}.Debug|Any CPU.ActiveCfg = Debug|Any CPU
		{B2FD31C1-108B-424A-8BF3-4CE02A77D59E}.Debug|Any CPU.Build.0 = Debug|Any CPU
		{B2FD31C1-108B-424A-8BF3-4CE02A77D59E}.Debug|x64.ActiveCfg = Debug|Any CPU
		{B2FD31C1-108B-424A-8BF3-4CE02A77D59E}.Debug|x64.Build.0 = Debug|Any CPU
		{B2FD31C1-108B-424A-8BF3-4CE02A77D59E}.Debug|x86.ActiveCfg = Debug|Any CPU
		{B2FD31C1-108B-424A-8BF3-4CE02A77D59E}.Debug|x86.Build.0 = Debug|Any CPU
		{B2FD31C1-108B-424A-8BF3-4CE02A77D59E}.Release|Any CPU.ActiveCfg = Release|Any CPU
		{B2FD31C1-108B-424A-8BF3-4CE02A77D59E}.Release|Any CPU.Build.0 = Release|Any CPU
		{B2FD31C1-108B-424A-8BF3-4CE02A77D59E}.Release|x64.ActiveCfg = Release|Any CPU
		{B2FD31C1-108B-424A-8BF3-4CE02A77D59E}.Release|x64.Build.0 = Release|Any CPU
		{B2FD31C1-108B-424A-8BF3-4CE02A77D59E}.Release|x86.ActiveCfg = Release|Any CPU
		{B2FD31C1-108B-424A-8BF3-4CE02A77D59E}.Release|x86.Build.0 = Release|Any CPU
		{2E288AF7-755D-4F2F-B1EE-7C4CCB9719A3}.Debug|Any CPU.ActiveCfg = Debug|Any CPU
		{2E288AF7-755D-4F2F-B1EE-7C4CCB9719A3}.Debug|Any CPU.Build.0 = Debug|Any CPU
		{2E288AF7-755D-4F2F-B1EE-7C4CCB9719A3}.Debug|x64.ActiveCfg = Debug|Any CPU
		{2E288AF7-755D-4F2F-B1EE-7C4CCB9719A3}.Debug|x64.Build.0 = Debug|Any CPU
		{2E288AF7-755D-4F2F-B1EE-7C4CCB9719A3}.Debug|x86.ActiveCfg = Debug|Any CPU
		{2E288AF7-755D-4F2F-B1EE-7C4CCB9719A3}.Debug|x86.Build.0 = Debug|Any CPU
		{2E288AF7-755D-4F2F-B1EE-7C4CCB9719A3}.Release|Any CPU.ActiveCfg = Release|Any CPU
		{2E288AF7-755D-4F2F-B1EE-7C4CCB9719A3}.Release|Any CPU.Build.0 = Release|Any CPU
		{2E288AF7-755D-4F2F-B1EE-7C4CCB9719A3}.Release|x64.ActiveCfg = Release|Any CPU
		{2E288AF7-755D-4F2F-B1EE-7C4CCB9719A3}.Release|x64.Build.0 = Release|Any CPU
		{2E288AF7-755D-4F2F-B1EE-7C4CCB9719A3}.Release|x86.ActiveCfg = Release|Any CPU
		{2E288AF7-755D-4F2F-B1EE-7C4CCB9719A3}.Release|x86.Build.0 = Release|Any CPU
		{F3B09FA9-AD2D-4AF2-8FBF-75E1EFF817F3}.Debug|Any CPU.ActiveCfg = Debug|Any CPU
		{F3B09FA9-AD2D-4AF2-8FBF-75E1EFF817F3}.Debug|Any CPU.Build.0 = Debug|Any CPU
		{F3B09FA9-AD2D-4AF2-8FBF-75E1EFF817F3}.Debug|x64.ActiveCfg = Debug|Any CPU
		{F3B09FA9-AD2D-4AF2-8FBF-75E1EFF817F3}.Debug|x64.Build.0 = Debug|Any CPU
		{F3B09FA9-AD2D-4AF2-8FBF-75E1EFF817F3}.Debug|x86.ActiveCfg = Debug|Any CPU
		{F3B09FA9-AD2D-4AF2-8FBF-75E1EFF817F3}.Debug|x86.Build.0 = Debug|Any CPU
		{F3B09FA9-AD2D-4AF2-8FBF-75E1EFF817F3}.Release|Any CPU.ActiveCfg = Release|Any CPU
		{F3B09FA9-AD2D-4AF2-8FBF-75E1EFF817F3}.Release|Any CPU.Build.0 = Release|Any CPU
		{F3B09FA9-AD2D-4AF2-8FBF-75E1EFF817F3}.Release|x64.ActiveCfg = Release|Any CPU
		{F3B09FA9-AD2D-4AF2-8FBF-75E1EFF817F3}.Release|x64.Build.0 = Release|Any CPU
		{F3B09FA9-AD2D-4AF2-8FBF-75E1EFF817F3}.Release|x86.ActiveCfg = Release|Any CPU
		{F3B09FA9-AD2D-4AF2-8FBF-75E1EFF817F3}.Release|x86.Build.0 = Release|Any CPU
		{FEBCB608-943A-4A95-9879-ED87F9A73EE2}.Debug|Any CPU.ActiveCfg = Debug|Any CPU
		{FEBCB608-943A-4A95-9879-ED87F9A73EE2}.Debug|Any CPU.Build.0 = Debug|Any CPU
		{FEBCB608-943A-4A95-9879-ED87F9A73EE2}.Debug|x64.ActiveCfg = Debug|Any CPU
		{FEBCB608-943A-4A95-9879-ED87F9A73EE2}.Debug|x64.Build.0 = Debug|Any CPU
		{FEBCB608-943A-4A95-9879-ED87F9A73EE2}.Debug|x86.ActiveCfg = Debug|Any CPU
		{FEBCB608-943A-4A95-9879-ED87F9A73EE2}.Debug|x86.Build.0 = Debug|Any CPU
		{FEBCB608-943A-4A95-9879-ED87F9A73EE2}.Release|Any CPU.ActiveCfg = Release|Any CPU
		{FEBCB608-943A-4A95-9879-ED87F9A73EE2}.Release|Any CPU.Build.0 = Release|Any CPU
		{FEBCB608-943A-4A95-9879-ED87F9A73EE2}.Release|x64.ActiveCfg = Release|Any CPU
		{FEBCB608-943A-4A95-9879-ED87F9A73EE2}.Release|x64.Build.0 = Release|Any CPU
		{FEBCB608-943A-4A95-9879-ED87F9A73EE2}.Release|x86.ActiveCfg = Release|Any CPU
		{FEBCB608-943A-4A95-9879-ED87F9A73EE2}.Release|x86.Build.0 = Release|Any CPU
		{E8AF861B-F880-44D7-834B-38061E51073D}.Debug|Any CPU.ActiveCfg = Debug|Any CPU
		{E8AF861B-F880-44D7-834B-38061E51073D}.Debug|Any CPU.Build.0 = Debug|Any CPU
		{E8AF861B-F880-44D7-834B-38061E51073D}.Debug|x64.ActiveCfg = Debug|Any CPU
		{E8AF861B-F880-44D7-834B-38061E51073D}.Debug|x64.Build.0 = Debug|Any CPU
		{E8AF861B-F880-44D7-834B-38061E51073D}.Debug|x86.ActiveCfg = Debug|Any CPU
		{E8AF861B-F880-44D7-834B-38061E51073D}.Debug|x86.Build.0 = Debug|Any CPU
		{E8AF861B-F880-44D7-834B-38061E51073D}.Release|Any CPU.ActiveCfg = Release|Any CPU
		{E8AF861B-F880-44D7-834B-38061E51073D}.Release|Any CPU.Build.0 = Release|Any CPU
		{E8AF861B-F880-44D7-834B-38061E51073D}.Release|x64.ActiveCfg = Release|Any CPU
		{E8AF861B-F880-44D7-834B-38061E51073D}.Release|x64.Build.0 = Release|Any CPU
		{E8AF861B-F880-44D7-834B-38061E51073D}.Release|x86.ActiveCfg = Release|Any CPU
		{E8AF861B-F880-44D7-834B-38061E51073D}.Release|x86.Build.0 = Release|Any CPU
		{784CEF2B-7D59-4437-B059-76E3D1499786}.Debug|Any CPU.ActiveCfg = Debug|Any CPU
		{784CEF2B-7D59-4437-B059-76E3D1499786}.Debug|Any CPU.Build.0 = Debug|Any CPU
		{784CEF2B-7D59-4437-B059-76E3D1499786}.Debug|x64.ActiveCfg = Debug|Any CPU
		{784CEF2B-7D59-4437-B059-76E3D1499786}.Debug|x64.Build.0 = Debug|Any CPU
		{784CEF2B-7D59-4437-B059-76E3D1499786}.Debug|x86.ActiveCfg = Debug|Any CPU
		{784CEF2B-7D59-4437-B059-76E3D1499786}.Debug|x86.Build.0 = Debug|Any CPU
		{784CEF2B-7D59-4437-B059-76E3D1499786}.Release|Any CPU.ActiveCfg = Release|Any CPU
		{784CEF2B-7D59-4437-B059-76E3D1499786}.Release|Any CPU.Build.0 = Release|Any CPU
		{784CEF2B-7D59-4437-B059-76E3D1499786}.Release|x64.ActiveCfg = Release|Any CPU
		{784CEF2B-7D59-4437-B059-76E3D1499786}.Release|x64.Build.0 = Release|Any CPU
		{784CEF2B-7D59-4437-B059-76E3D1499786}.Release|x86.ActiveCfg = Release|Any CPU
		{784CEF2B-7D59-4437-B059-76E3D1499786}.Release|x86.Build.0 = Release|Any CPU
		{C104CB29-3A50-4E65-B6A0-99A48B288A66}.Debug|Any CPU.ActiveCfg = Debug|Any CPU
		{C104CB29-3A50-4E65-B6A0-99A48B288A66}.Debug|Any CPU.Build.0 = Debug|Any CPU
		{C104CB29-3A50-4E65-B6A0-99A48B288A66}.Debug|x64.ActiveCfg = Debug|Any CPU
		{C104CB29-3A50-4E65-B6A0-99A48B288A66}.Debug|x64.Build.0 = Debug|Any CPU
		{C104CB29-3A50-4E65-B6A0-99A48B288A66}.Debug|x86.ActiveCfg = Debug|Any CPU
		{C104CB29-3A50-4E65-B6A0-99A48B288A66}.Debug|x86.Build.0 = Debug|Any CPU
		{C104CB29-3A50-4E65-B6A0-99A48B288A66}.Release|Any CPU.ActiveCfg = Release|Any CPU
		{C104CB29-3A50-4E65-B6A0-99A48B288A66}.Release|Any CPU.Build.0 = Release|Any CPU
		{C104CB29-3A50-4E65-B6A0-99A48B288A66}.Release|x64.ActiveCfg = Release|Any CPU
		{C104CB29-3A50-4E65-B6A0-99A48B288A66}.Release|x64.Build.0 = Release|Any CPU
		{C104CB29-3A50-4E65-B6A0-99A48B288A66}.Release|x86.ActiveCfg = Release|Any CPU
		{C104CB29-3A50-4E65-B6A0-99A48B288A66}.Release|x86.Build.0 = Release|Any CPU
		{247661EF-4FCF-46E5-B6B6-65A7B87978A6}.Debug|Any CPU.ActiveCfg = Debug|Any CPU
		{247661EF-4FCF-46E5-B6B6-65A7B87978A6}.Debug|Any CPU.Build.0 = Debug|Any CPU
		{247661EF-4FCF-46E5-B6B6-65A7B87978A6}.Debug|x64.ActiveCfg = Debug|Any CPU
		{247661EF-4FCF-46E5-B6B6-65A7B87978A6}.Debug|x64.Build.0 = Debug|Any CPU
		{247661EF-4FCF-46E5-B6B6-65A7B87978A6}.Debug|x86.ActiveCfg = Debug|Any CPU
		{247661EF-4FCF-46E5-B6B6-65A7B87978A6}.Debug|x86.Build.0 = Debug|Any CPU
		{247661EF-4FCF-46E5-B6B6-65A7B87978A6}.Release|Any CPU.ActiveCfg = Release|Any CPU
		{247661EF-4FCF-46E5-B6B6-65A7B87978A6}.Release|Any CPU.Build.0 = Release|Any CPU
		{247661EF-4FCF-46E5-B6B6-65A7B87978A6}.Release|x64.ActiveCfg = Release|Any CPU
		{247661EF-4FCF-46E5-B6B6-65A7B87978A6}.Release|x64.Build.0 = Release|Any CPU
		{247661EF-4FCF-46E5-B6B6-65A7B87978A6}.Release|x86.ActiveCfg = Release|Any CPU
		{247661EF-4FCF-46E5-B6B6-65A7B87978A6}.Release|x86.Build.0 = Release|Any CPU
		{CDF9FB6C-A8A8-4197-9F0C-C3DE6FF41474}.Debug|Any CPU.ActiveCfg = Debug|Any CPU
		{CDF9FB6C-A8A8-4197-9F0C-C3DE6FF41474}.Debug|Any CPU.Build.0 = Debug|Any CPU
		{CDF9FB6C-A8A8-4197-9F0C-C3DE6FF41474}.Debug|x64.ActiveCfg = Debug|Any CPU
		{CDF9FB6C-A8A8-4197-9F0C-C3DE6FF41474}.Debug|x64.Build.0 = Debug|Any CPU
		{CDF9FB6C-A8A8-4197-9F0C-C3DE6FF41474}.Debug|x86.ActiveCfg = Debug|Any CPU
		{CDF9FB6C-A8A8-4197-9F0C-C3DE6FF41474}.Debug|x86.Build.0 = Debug|Any CPU
		{CDF9FB6C-A8A8-4197-9F0C-C3DE6FF41474}.Release|Any CPU.ActiveCfg = Release|Any CPU
		{CDF9FB6C-A8A8-4197-9F0C-C3DE6FF41474}.Release|Any CPU.Build.0 = Release|Any CPU
		{CDF9FB6C-A8A8-4197-9F0C-C3DE6FF41474}.Release|x64.ActiveCfg = Release|Any CPU
		{CDF9FB6C-A8A8-4197-9F0C-C3DE6FF41474}.Release|x64.Build.0 = Release|Any CPU
		{CDF9FB6C-A8A8-4197-9F0C-C3DE6FF41474}.Release|x86.ActiveCfg = Release|Any CPU
		{CDF9FB6C-A8A8-4197-9F0C-C3DE6FF41474}.Release|x86.Build.0 = Release|Any CPU
		{79A6ACA4-2840-4A16-AD03-6F00C7F3EBC5}.Debug|Any CPU.ActiveCfg = Debug|Any CPU
		{79A6ACA4-2840-4A16-AD03-6F00C7F3EBC5}.Debug|Any CPU.Build.0 = Debug|Any CPU
		{79A6ACA4-2840-4A16-AD03-6F00C7F3EBC5}.Debug|x64.ActiveCfg = Debug|Any CPU
		{79A6ACA4-2840-4A16-AD03-6F00C7F3EBC5}.Debug|x64.Build.0 = Debug|Any CPU
		{79A6ACA4-2840-4A16-AD03-6F00C7F3EBC5}.Debug|x86.ActiveCfg = Debug|Any CPU
		{79A6ACA4-2840-4A16-AD03-6F00C7F3EBC5}.Debug|x86.Build.0 = Debug|Any CPU
		{79A6ACA4-2840-4A16-AD03-6F00C7F3EBC5}.Release|Any CPU.ActiveCfg = Release|Any CPU
		{79A6ACA4-2840-4A16-AD03-6F00C7F3EBC5}.Release|Any CPU.Build.0 = Release|Any CPU
		{79A6ACA4-2840-4A16-AD03-6F00C7F3EBC5}.Release|x64.ActiveCfg = Release|Any CPU
		{79A6ACA4-2840-4A16-AD03-6F00C7F3EBC5}.Release|x64.Build.0 = Release|Any CPU
		{79A6ACA4-2840-4A16-AD03-6F00C7F3EBC5}.Release|x86.ActiveCfg = Release|Any CPU
		{79A6ACA4-2840-4A16-AD03-6F00C7F3EBC5}.Release|x86.Build.0 = Release|Any CPU
		{370FE2F8-E777-47D7-A867-47AEA2C051B3}.Debug|Any CPU.ActiveCfg = Debug|Any CPU
		{370FE2F8-E777-47D7-A867-47AEA2C051B3}.Debug|Any CPU.Build.0 = Debug|Any CPU
		{370FE2F8-E777-47D7-A867-47AEA2C051B3}.Debug|x64.ActiveCfg = Debug|Any CPU
		{370FE2F8-E777-47D7-A867-47AEA2C051B3}.Debug|x64.Build.0 = Debug|Any CPU
		{370FE2F8-E777-47D7-A867-47AEA2C051B3}.Debug|x86.ActiveCfg = Debug|Any CPU
		{370FE2F8-E777-47D7-A867-47AEA2C051B3}.Debug|x86.Build.0 = Debug|Any CPU
		{370FE2F8-E777-47D7-A867-47AEA2C051B3}.Release|Any CPU.ActiveCfg = Release|Any CPU
		{370FE2F8-E777-47D7-A867-47AEA2C051B3}.Release|Any CPU.Build.0 = Release|Any CPU
		{370FE2F8-E777-47D7-A867-47AEA2C051B3}.Release|x64.ActiveCfg = Release|Any CPU
		{370FE2F8-E777-47D7-A867-47AEA2C051B3}.Release|x64.Build.0 = Release|Any CPU
		{370FE2F8-E777-47D7-A867-47AEA2C051B3}.Release|x86.ActiveCfg = Release|Any CPU
		{370FE2F8-E777-47D7-A867-47AEA2C051B3}.Release|x86.Build.0 = Release|Any CPU
	EndGlobalSection
	GlobalSection(SolutionProperties) = preSolution
		HideSolutionNode = FALSE
	EndGlobalSection
	GlobalSection(NestedProjects) = preSolution
		{A1B2C3D4-E5F6-7890-ABCD-EF1234567890} = {2D0FBD96-AD58-654E-9AE8-A008862A357D}
		{B6043F16-B25A-4823-B73D-262C8FC998BA} = {A1B2C3D4-E5F6-7890-ABCD-EF1234567890}
		{DC0B4DB1-2F95-431F-AB4A-D4935E0403A1} = {A1B2C3D4-E5F6-7890-ABCD-EF1234567890}
		{504A6F40-AA02-4C20-BAD7-7ECD7D9DB1B7} = {A1B2C3D4-E5F6-7890-ABCD-EF1234567890}
		{9860B128-DD56-483D-B3BD-DF04096E3C8C} = {A1B2C3D4-E5F6-7890-ABCD-EF1234567890}
		{B2C3D4E5-F6A7-8901-BCDE-F12345678901} = {2D0FBD96-AD58-654E-9AE8-A008862A357D}
		{B2FD31C1-108B-424A-8BF3-4CE02A77D59E} = {B2C3D4E5-F6A7-8901-BCDE-F12345678901}
		{2E288AF7-755D-4F2F-B1EE-7C4CCB9719A3} = {B2C3D4E5-F6A7-8901-BCDE-F12345678901}
		{F3B09FA9-AD2D-4AF2-8FBF-75E1EFF817F3} = {B2C3D4E5-F6A7-8901-BCDE-F12345678901}
		{FEBCB608-943A-4A95-9879-ED87F9A73EE2} = {B2C3D4E5-F6A7-8901-BCDE-F12345678901}
		{E8AF861B-F880-44D7-834B-38061E51073D} = {C3D4E5F6-A7B8-9012-CDEF-123456789012}
		{784CEF2B-7D59-4437-B059-76E3D1499786} = {D4E5F6A7-B8C9-0123-DEF0-234567890123}
		{C104CB29-3A50-4E65-B6A0-99A48B288A66} = {E5F6A7B8-C9D0-1234-EF01-345678901234}
		{7D0E44DC-FF7D-DF70-A90C-A7087280319E} = {2D0FBD96-AD58-654E-9AE8-A008862A357D}
		{247661EF-4FCF-46E5-B6B6-65A7B87978A6} = {7D0E44DC-FF7D-DF70-A90C-A7087280319E}
		{CDF9FB6C-A8A8-4197-9F0C-C3DE6FF41474} = {7D0E44DC-FF7D-DF70-A90C-A7087280319E}
		{79A6ACA4-2840-4A16-AD03-6F00C7F3EBC5} = {7D0E44DC-FF7D-DF70-A90C-A7087280319E}
		{370FE2F8-E777-47D7-A867-47AEA2C051B3} = {7D0E44DC-FF7D-DF70-A90C-A7087280319E}
	EndGlobalSection
EndGlobal
